
Microsoft Visual Studio Solution File, Format Version 12.00
# Visual Studio 14
VisualStudioVersion = 14.0.23107.0
MinimumVisualStudioVersion = 10.0.40219.1
Project("{FAE04EC0-301F-11D3-BF4B-00C04F79EFBC}") = "Aula_4_array", "Aula_4_array\Aula_4_array.csproj", "{0E7FDEEE-44CB-441E-8EEA-E8E84AE33A79}"
EndProject
Global
	GlobalSection(SolutionConfigurationPlatforms) = preSolution
		Debug|Any CPU = Debug|Any CPU
		Release|Any CPU = Release|Any CPU
	EndGlobalSection
	GlobalSection(ProjectConfigurationPlatforms) = postSolution
		{0E7FDEEE-44CB-441E-8EEA-E8E84AE33A79}.Debug|Any CPU.ActiveCfg = Debug|Any CPU
		{0E7FDEEE-44CB-441E-8EEA-E8E84AE33A79}.Debug|Any CPU.Build.0 = Debug|Any CPU
		{0E7FDEEE-44CB-441E-8EEA-E8E84AE33A79}.Release|Any CPU.ActiveCfg = Release|Any CPU
		{0E7FDEEE-44CB-441E-8EEA-E8E84AE33A79}.Release|Any CPU.Build.0 = Release|Any CPU
	EndGlobalSection
	GlobalSection(SolutionProperties) = preSolution
		HideSolutionNode = FALSE
	EndGlobalSection
EndGlobal
