
Microsoft Visual Studio Solution File, Format Version 12.00
# Visual Studio 14
VisualStudioVersion = 14.0.23107.0
MinimumVisualStudioVersion = 10.0.40219.1
Project("{FAE04EC0-301F-11D3-BF4B-00C04F79EFBC}") = "WindowsFormsApplication4_teste", "WindowsFormsApplication4_teste.csproj", "{0F624ED6-BAFD-4DA6-B076-E0F03F132BF3}"
EndProject
Global
	GlobalSection(SolutionConfigurationPlatforms) = preSolution
		Debug|Any CPU = Debug|Any CPU
		Release|Any CPU = Release|Any CPU
	EndGlobalSection
	GlobalSection(ProjectConfigurationPlatforms) = postSolution
		{0F624ED6-BAFD-4DA6-B076-E0F03F132BF3}.Debug|Any CPU.ActiveCfg = Debug|Any CPU
		{0F624ED6-BAFD-4DA6-B076-E0F03F132BF3}.Debug|Any CPU.Build.0 = Debug|Any CPU
		{0F624ED6-BAFD-4DA6-B076-E0F03F132BF3}.Release|Any CPU.ActiveCfg = Release|Any CPU
		{0F624ED6-BAFD-4DA6-B076-E0F03F132BF3}.Release|Any CPU.Build.0 = Release|Any CPU
	EndGlobalSection
	GlobalSection(SolutionProperties) = preSolution
		HideSolutionNode = FALSE
	EndGlobalSection
EndGlobal
