
Microsoft Visual Studio Solution File, Format Version 12.00
# Visual Studio 14
VisualStudioVersion = 14.0.23107.0
MinimumVisualStudioVersion = 10.0.40219.1
Project("{FAE04EC0-301F-11D3-BF4B-00C04F79EFBC}") = "Ex_2", "Ex_2\Ex_2.csproj", "{DD3EF21C-E8C4-4C0C-B3DB-3D7D35A1C516}"
EndProject
Global
	GlobalSection(SolutionConfigurationPlatforms) = preSolution
		Debug|Any CPU = Debug|Any CPU
		Release|Any CPU = Release|Any CPU
	EndGlobalSection
	GlobalSection(ProjectConfigurationPlatforms) = postSolution
		{DD3EF21C-E8C4-4C0C-B3DB-3D7D35A1C516}.Debug|Any CPU.ActiveCfg = Debug|Any CPU
		{DD3EF21C-E8C4-4C0C-B3DB-3D7D35A1C516}.Debug|Any CPU.Build.0 = Debug|Any CPU
		{DD3EF21C-E8C4-4C0C-B3DB-3D7D35A1C516}.Release|Any CPU.ActiveCfg = Release|Any CPU
		{DD3EF21C-E8C4-4C0C-B3DB-3D7D35A1C516}.Release|Any CPU.Build.0 = Release|Any CPU
	EndGlobalSection
	GlobalSection(SolutionProperties) = preSolution
		HideSolutionNode = FALSE
	EndGlobalSection
EndGlobal
