
Microsoft Visual Studio Solution File, Format Version 12.00
# Visual Studio 14
VisualStudioVersion = 14.0.23107.0
MinimumVisualStudioVersion = 10.0.40219.1
Project("{FAE04EC0-301F-11D3-BF4B-00C04F79EFBC}") = "Ex_1", "Ex_1\Ex_1.csproj", "{FBCB7A2C-C8D2-49F4-81B0-3474D32DB8E4}"
EndProject
Global
	GlobalSection(SolutionConfigurationPlatforms) = preSolution
		Debug|Any CPU = Debug|Any CPU
		Release|Any CPU = Release|Any CPU
	EndGlobalSection
	GlobalSection(ProjectConfigurationPlatforms) = postSolution
		{FBCB7A2C-C8D2-49F4-81B0-3474D32DB8E4}.Debug|Any CPU.ActiveCfg = Debug|Any CPU
		{FBCB7A2C-C8D2-49F4-81B0-3474D32DB8E4}.Debug|Any CPU.Build.0 = Debug|Any CPU
		{FBCB7A2C-C8D2-49F4-81B0-3474D32DB8E4}.Release|Any CPU.ActiveCfg = Release|Any CPU
		{FBCB7A2C-C8D2-49F4-81B0-3474D32DB8E4}.Release|Any CPU.Build.0 = Release|Any CPU
	EndGlobalSection
	GlobalSection(SolutionProperties) = preSolution
		HideSolutionNode = FALSE
	EndGlobalSection
EndGlobal
