
Microsoft Visual Studio Solution File, Format Version 12.00
# Visual Studio 14
VisualStudioVersion = 14.0.23107.0
MinimumVisualStudioVersion = 10.0.40219.1
Project("{FAE04EC0-301F-11D3-BF4B-00C04F79EFBC}") = "AULA3B-20-08-2015", "AULA3B-20-08-2015\AULA3B-20-08-2015.csproj", "{E253588D-0A4C-4893-97D5-7BC9E24348CC}"
EndProject
Global
	GlobalSection(SolutionConfigurationPlatforms) = preSolution
		Debug|Any CPU = Debug|Any CPU
		Release|Any CPU = Release|Any CPU
	EndGlobalSection
	GlobalSection(ProjectConfigurationPlatforms) = postSolution
		{E253588D-0A4C-4893-97D5-7BC9E24348CC}.Debug|Any CPU.ActiveCfg = Debug|Any CPU
		{E253588D-0A4C-4893-97D5-7BC9E24348CC}.Debug|Any CPU.Build.0 = Debug|Any CPU
		{E253588D-0A4C-4893-97D5-7BC9E24348CC}.Release|Any CPU.ActiveCfg = Release|Any CPU
		{E253588D-0A4C-4893-97D5-7BC9E24348CC}.Release|Any CPU.Build.0 = Release|Any CPU
	EndGlobalSection
	GlobalSection(SolutionProperties) = preSolution
		HideSolutionNode = FALSE
	EndGlobalSection
EndGlobal
